
Microsoft Visual Studio Solution File, Format Version 12.00
# Visual Studio Version 17
VisualStudioVersion = 17.0.31903.59
MinimumVisualStudioVersion = 10.0.40219.1
Project("{9A19103F-16F7-4668-BE54-9A1E7A4F7556}") = "LOT5RDB.Core", "LOT5RDB.Core\LOT5RDB.Core.csproj", "{229A437B-A60D-4A80-9C39-3AC1A3B4C2D7}"
EndProject
Project("{9A19103F-16F7-4668-BE54-9A1E7A4F7556}") = "LOT5RDB.Data", "LOT5RDB.Data\LOT5RDB.Data.csproj", "{BF1120F1-0EAD-4FDB-B16A-12D43528D102}"
EndProject
Project("{FAE04EC0-301F-11D3-BF4B-00C04F79EFBC}") = "LOT5RDB.Skills.Shared", "LOT5RDB.Skills.Shared\LOT5RDB.Skills.Shared.csproj", "{A0010E15-C885-4EA3-BF4F-938FF1BFD300}"
EndProject
Project("{FAE04EC0-301F-11D3-BF4B-00C04F79EFBC}") = "LOT5RDB.Equipment.Shared", "LOT5RDB.Equipment.Shared\LOT5RDB.Equipment.Shared.csproj", "{92F0AD8A-33D6-460C-A10A-C49DE8E2D622}"
EndProject
Project("{FAE04EC0-301F-11D3-BF4B-00C04F79EFBC}") = "LOT5RDB", "LOT5RDB\LOT5RDB.csproj", "{34113E6B-A515-4735-87E7-AC9F41CA8E62}"
EndProject
Project("{FAE04EC0-301F-11D3-BF4B-00C04F79EFBC}") = "LOT5RDB.DataGenerator", "LOT5RDB.DataGenerator\LOT5RDB.DataGenerator.csproj", "{E937E0C8-160A-431D-B656-033692999014}"
EndProject
Project("{2150E333-8FDC-42A3-9474-1A3956D46DE8}") = "Properties", "Properties", "{3F5B04D9-9023-4A0D-9155-AED5488A5A24}"
	ProjectSection(SolutionItems) = preProject
		README.md = README.md
	EndProjectSection
EndProject
Project("{FAE04EC0-301F-11D3-BF4B-00C04F79EFBC}") = "LOT5RDB.Equipment.Server", "LOT5RDB.Equipment.Server\LOT5RDB.Equipment.Server.csproj", "{350174F7-6D20-4BCC-A996-AF9F271F5CB0}"
EndProject
Project("{FAE04EC0-301F-11D3-BF4B-00C04F79EFBC}") = "LOT5RDB.Skills.Server", "LOT5RDB.Skills.Server\LOT5RDB.Skills.Server.csproj", "{E28AE95D-9BFD-4E39-AA49-BE8446804137}"
EndProject
Global
	GlobalSection(SolutionConfigurationPlatforms) = preSolution
		Debug|Any CPU = Debug|Any CPU
		Release|Any CPU = Release|Any CPU
	EndGlobalSection
	GlobalSection(ProjectConfigurationPlatforms) = postSolution
		{229A437B-A60D-4A80-9C39-3AC1A3B4C2D7}.Debug|Any CPU.ActiveCfg = Debug|Any CPU
		{229A437B-A60D-4A80-9C39-3AC1A3B4C2D7}.Debug|Any CPU.Build.0 = Debug|Any CPU
		{229A437B-A60D-4A80-9C39-3AC1A3B4C2D7}.Release|Any CPU.ActiveCfg = Release|Any CPU
		{229A437B-A60D-4A80-9C39-3AC1A3B4C2D7}.Release|Any CPU.Build.0 = Release|Any CPU
		{BF1120F1-0EAD-4FDB-B16A-12D43528D102}.Debug|Any CPU.ActiveCfg = Debug|Any CPU
		{BF1120F1-0EAD-4FDB-B16A-12D43528D102}.Debug|Any CPU.Build.0 = Debug|Any CPU
		{BF1120F1-0EAD-4FDB-B16A-12D43528D102}.Release|Any CPU.ActiveCfg = Release|Any CPU
		{BF1120F1-0EAD-4FDB-B16A-12D43528D102}.Release|Any CPU.Build.0 = Release|Any CPU
		{A0010E15-C885-4EA3-BF4F-938FF1BFD300}.Debug|Any CPU.ActiveCfg = Debug|Any CPU
		{A0010E15-C885-4EA3-BF4F-938FF1BFD300}.Debug|Any CPU.Build.0 = Debug|Any CPU
		{A0010E15-C885-4EA3-BF4F-938FF1BFD300}.Release|Any CPU.ActiveCfg = Release|Any CPU
		{A0010E15-C885-4EA3-BF4F-938FF1BFD300}.Release|Any CPU.Build.0 = Release|Any CPU
		{92F0AD8A-33D6-460C-A10A-C49DE8E2D622}.Debug|Any CPU.ActiveCfg = Debug|Any CPU
		{92F0AD8A-33D6-460C-A10A-C49DE8E2D622}.Debug|Any CPU.Build.0 = Debug|Any CPU
		{92F0AD8A-33D6-460C-A10A-C49DE8E2D622}.Release|Any CPU.ActiveCfg = Release|Any CPU
		{92F0AD8A-33D6-460C-A10A-C49DE8E2D622}.Release|Any CPU.Build.0 = Release|Any CPU
		{34113E6B-A515-4735-87E7-AC9F41CA8E62}.Debug|Any CPU.ActiveCfg = Debug|Any CPU
		{34113E6B-A515-4735-87E7-AC9F41CA8E62}.Debug|Any CPU.Build.0 = Debug|Any CPU
		{34113E6B-A515-4735-87E7-AC9F41CA8E62}.Release|Any CPU.ActiveCfg = Release|Any CPU
		{34113E6B-A515-4735-87E7-AC9F41CA8E62}.Release|Any CPU.Build.0 = Release|Any CPU
		{E937E0C8-160A-431D-B656-033692999014}.Debug|Any CPU.ActiveCfg = Debug|Any CPU
		{E937E0C8-160A-431D-B656-033692999014}.Debug|Any CPU.Build.0 = Debug|Any CPU
		{E937E0C8-160A-431D-B656-033692999014}.Release|Any CPU.ActiveCfg = Release|Any CPU
		{E937E0C8-160A-431D-B656-033692999014}.Release|Any CPU.Build.0 = Release|Any CPU
		{350174F7-6D20-4BCC-A996-AF9F271F5CB0}.Debug|Any CPU.ActiveCfg = Debug|Any CPU
		{350174F7-6D20-4BCC-A996-AF9F271F5CB0}.Debug|Any CPU.Build.0 = Debug|Any CPU
		{350174F7-6D20-4BCC-A996-AF9F271F5CB0}.Release|Any CPU.ActiveCfg = Release|Any CPU
		{350174F7-6D20-4BCC-A996-AF9F271F5CB0}.Release|Any CPU.Build.0 = Release|Any CPU
		{E28AE95D-9BFD-4E39-AA49-BE8446804137}.Debug|Any CPU.ActiveCfg = Debug|Any CPU
		{E28AE95D-9BFD-4E39-AA49-BE8446804137}.Debug|Any CPU.Build.0 = Debug|Any CPU
		{E28AE95D-9BFD-4E39-AA49-BE8446804137}.Release|Any CPU.ActiveCfg = Release|Any CPU
		{E28AE95D-9BFD-4E39-AA49-BE8446804137}.Release|Any CPU.Build.0 = Release|Any CPU
	EndGlobalSection
	GlobalSection(SolutionProperties) = preSolution
		HideSolutionNode = FALSE
	EndGlobalSection
	GlobalSection(ExtensibilityGlobals) = postSolution
		SolutionGuid = {2C685DA8-B285-4996-A89F-B3A190B8B5CB}
	EndGlobalSection
EndGlobal
